<?xml version="1.0" encoding="utf-8"?>
<Project ToolsVersion="4.0" xmlns="http://schemas.microsoft.com/developer/msbuild/2003">
  <ItemGroup>
    <ClCompile Include="AntiDiagonals.cpp" />
    <ClCompile Include="FindDuplicate.cpp" />
    <ClCompile Include="HotelBookings.cpp" />
    <ClCompile Include="KthPascalTriangle.cpp" />
    <ClCompile Include="LargestNumber.cpp" />
    <ClCompile Include="main.cpp" />
    <ClCompile Include="MaxDistance.cpp" />
    <ClCompile Include="MaxUnsortedSubarray.cpp" />
    <ClCompile Include="MergeIntervals.cpp" />
    <ClCompile Include="NobleInteger.cpp" />
    <ClCompile Include="PascalTriangle.cpp" />
    <ClCompile Include="PrimeSum.cpp" />
    <ClCompile Include="RotateMatrix.cpp" />
    <ClCompile Include="SpiralOrderMatrix.cpp" />
    <ClCompile Include="TripletsWithSumBetweenGivenRange.cpp" />
    <ClCompile Include="WaveArray.cpp" />
    <ClCompile Include="MaxConsecutiveGap.cpp" />
    <ClCompile Include="NextPermutation.cpp" />
    <ClCompile Include="FindPermutation.cpp" />
    <ClCompile Include="MergeOverlappingIntervals.cpp" />
    <ClCompile Include="SetMatrixZeros.cpp" />
    <ClCompile Include="FirstMissingInteger.cpp" />
    <ClCompile Include="N3RepeatNumber.cpp" />
    <ClCompile Include="HammingDistance.cpp" />
    <ClCompile Include="FizzBuzz.cpp" />
    <ClCompile Include="PowerOfTwoIntegers.cpp" />
    <ClCompile Include="ExcelColumnNumber.cpp" />
    <ClCompile Include="ExcelColumnTitle.cpp" />
    <ClCompile Include="PalindromeInteger.cpp" />
    <ClCompile Include="ReverseInteger.cpp" />
    <ClCompile Include="GCD.cpp" />
    <ClCompile Include="TrailingZeros.cpp" />
    <ClCompile Include="SortedPermutationRank.cpp" />
    <ClCompile Include="LargestCoprimeDivisor.cpp" />
    <ClCompile Include="SortedPermutationRank2.cpp" />
    <ClCompile Include="GridUniquePaths.cpp" />
    <ClCompile Include="NumbersOfLengthN.cpp" />
    <ClCompile Include="RearrangeArray.cpp" />
    <ClCompile Include="PrettyPrint.cpp" />
<<<<<<< HEAD
    <ClCompile Include="SquareRootInt.cpp" />
=======
    <ClCompile Include="MatrixMedian.cpp" />
    <ClCompile Include="qsort.cpp" />
    <ClCompile Include="SearchRange.cpp" />
>>>>>>> ef82f946b3024fe6301572c94f1b7263ab58f2c2
  </ItemGroup>
</Project>